
Microsoft Visual Studio Solution File, Format Version 12.00
# Visual Studio Version 17
VisualStudioVersion = 17.8.34511.84
MinimumVisualStudioVersion = 10.0.40219.1
Project("{9A19103F-16F7-4668-BE54-9A1E7A4F7556}") = "HahnTransportAutomate", "HahnCargoAtomation\HahnTransportAutomate.csproj", "{4D9E6485-5514-457D-8F5E-93EF6E183FAF}"
EndProject
Global
	GlobalSection(SolutionConfigurationPlatforms) = preSolution
		Debug|Any CPU = Debug|Any CPU
		Release|Any CPU = Release|Any CPU
	EndGlobalSection
	GlobalSection(ProjectConfigurationPlatforms) = postSolution
		{4D9E6485-5514-457D-8F5E-93EF6E183FAF}.Debug|Any CPU.ActiveCfg = Debug|Any CPU
		{4D9E6485-5514-457D-8F5E-93EF6E183FAF}.Debug|Any CPU.Build.0 = Debug|Any CPU
		{4D9E6485-5514-457D-8F5E-93EF6E183FAF}.Release|Any CPU.ActiveCfg = Release|Any CPU
		{4D9E6485-5514-457D-8F5E-93EF6E183FAF}.Release|Any CPU.Build.0 = Release|Any CPU
	EndGlobalSection
	GlobalSection(SolutionProperties) = preSolution
		HideSolutionNode = FALSE
	EndGlobalSection
	GlobalSection(ExtensibilityGlobals) = postSolution
		SolutionGuid = {6573A227-5B7C-40E7-A16B-22A4857067A8}
	EndGlobalSection
EndGlobal
